
Microsoft Visual Studio Solution File, Format Version 12.00
# Visual Studio Version 17
VisualStudioVersion = 17.9.34723.18
MinimumVisualStudioVersion = 10.0.40219.1
Project("{9A19103F-16F7-4668-BE54-9A1E7A4F7556}") = "TaskManager", "TaskManager\TaskManager.csproj", "{9978918B-7BC1-4DCE-998F-A821F7B18A01}"
EndProject
Project("{2150E333-8FDC-42A3-9474-1A3956D46DE8}") = "Solution Items", "Solution Items", "{3C6DF3A2-01D0-4E1A-B7A9-A18388D6BD81}"
	ProjectSection(SolutionItems) = preProject
		.editorconfig = .editorconfig
	EndProjectSection
EndProject
Global
	GlobalSection(SolutionConfigurationPlatforms) = preSolution
		Debug|Any CPU = Debug|Any CPU
		Release|Any CPU = Release|Any CPU
	EndGlobalSection
	GlobalSection(ProjectConfigurationPlatforms) = postSolution
		{9978918B-7BC1-4DCE-998F-A821F7B18A01}.Debug|Any CPU.ActiveCfg = Debug|Any CPU
		{9978918B-7BC1-4DCE-998F-A821F7B18A01}.Debug|Any CPU.Build.0 = Debug|Any CPU
		{9978918B-7BC1-4DCE-998F-A821F7B18A01}.Release|Any CPU.ActiveCfg = Release|Any CPU
		{9978918B-7BC1-4DCE-998F-A821F7B18A01}.Release|Any CPU.Build.0 = Release|Any CPU
	EndGlobalSection
	GlobalSection(SolutionProperties) = preSolution
		HideSolutionNode = FALSE
	EndGlobalSection
	GlobalSection(ExtensibilityGlobals) = postSolution
		SolutionGuid = {AE20CB7B-B93C-45B0-A26E-77A28B4C8314}
	EndGlobalSection
EndGlobal
